{
  "name": "above-cville",
  "version": "2.0.0",
  "lockfileVersion": 3,
  "requires": true,
  "packages": {
    "": {
      "name": "above-cville",
      "version": "2.0.0",
      "license": "MIT",
      "dependencies": {
        "dotenv": "^16.4.5",
        "lowdb": "^6.0.1",
        "node-cron": "^3.0.3"
      }
    },
    "node_modules/dotenv": {
      "version": "16.6.1",
      "resolved": "https://registry.npmjs.org/dotenv/-/dotenv-16.6.1.tgz",
      "integrity": "sha512-uBq4egWHTcTt33a72vpSG0z3HnPuIl6NqYcTrKEg2azoEyl2hpW0zqlxysq2pK9HlDIHyHyakeYaYnSAwd8bow==",
      "license": "BSD-2-Clause",
      "engines": {
        "node": ">=12"
      },
      "funding": {
        "url": "https://dotenvx.com"
      }
    },
    "node_modules/lowdb": {
      "version": "6.1.1",
      "resolved": "https://registry.npmjs.org/lowdb/-/lowdb-6.1.1.tgz",
      "integrity": "sha512-HO13FCxI8SCwfj2JRXOKgXggxnmfSc+l0aJsZ5I34X3pwzG/DPBSKyKu3Zkgg/pNmx854SVgE2la0oUeh6wzNw==",
      "license": "MIT",
      "dependencies": {
        "steno": "^3.1.1"
      },
      "engines": {
        "node": ">=16"
      },
      "funding": {
        "url": "https://github.com/sponsors/typicode"
      }
    },
    "node_modules/node-cron": {
      "version": "3.0.3",
      "resolved": "https://registry.npmjs.org/node-cron/-/node-cron-3.0.3.tgz",
      "integrity": "sha512-dOal67//nohNgYWb+nWmg5dkFdIwDm8EpeGYMekPMrngV3637lqnX0lbUcCtgibHTz6SEz7DAIjKvKDFYCnO1A==",
      "license": "ISC",
      "dependencies": {
        "uuid": "8.3.2"
      },
      "engines": {
        "node": ">=6.0.0"
      }
    },
    "node_modules/steno": {
      "version": "3.2.0",
      "resolved": "https://registry.npmjs.org/steno/-/steno-3.2.0.tgz",
      "integrity": "sha512-zPKkv+LqoYffxrtD0GIVA08DvF6v1dW02qpP5XnERoobq9g3MKcTSBTi08gbGNFMNRo3TQV/6kBw811T1LUhKg==",
      "license": "MIT",
      "engines": {
        "node": ">=16"
      },
      "funding": {
        "url": "https://github.com/sponsors/typicode"
      }
    },
    "node_modules/uuid": {
      "version": "8.3.2",
      "resolved": "https://registry.npmjs.org/uuid/-/uuid-8.3.2.tgz",
      "integrity": "sha512-+NYs2QeMWy+GWFOEm9xnn6HCDp0l7QBD7ml8zLUmJ+93Q5NF0NocErnwkTkXVFNiX3/fpC6afS8Dhb/gz7R7eg==",
      "license": "MIT",
      "bin": {
        "uuid": "dist/bin/uuid"
      }
    }
  }
}
